// !$*UTF8*$!
{
	archiveVersion = 1;
	classes = {
	};
	objectVersion = 46;
	objects = {

/* Begin PBXBuildFile section */
		CDB3246D1A48D41E0028E8E7 /* main.m in Sources */ = {isa = PBXBuildFile; fileRef = CDB3246C1A48D41E0028E8E7 /* main.m */; };
		CDB324701A48D41E0028E8E7 /* AppDelegate.m in Sources */ = {isa = PBXBuildFile; fileRef = CDB3246F1A48D41E0028E8E7 /* AppDelegate.m */; };
		CDB324731A48D41E0028E8E7 /* ToDoListViewController.m in Sources */ = {isa = PBXBuildFile; fileRef = CDB324721A48D41E0028E8E7 /* ToDoListViewController.m */; };
		CDB324761A48D41E0028E8E7 /* ToDoDetailViewController.m in Sources */ = {isa = PBXBuildFile; fileRef = CDB324751A48D41E0028E8E7 /* ToDoDetailViewController.m */; };
		CDB3247B1A48D41E0028E8E7 /* Images.xcassets in Resources */ = {isa = PBXBuildFile; fileRef = CDB3247A1A48D41E0028E8E7 /* Images.xcassets */; };
		CDB3248A1A48D41E0028E8E7 /* OutwareToDoObjcTests.m in Sources */ = {isa = PBXBuildFile; fileRef = CDB324891A48D41E0028E8E7 /* OutwareToDoObjcTests.m */; };
		CDB324971A48D6B90028E8E7 /* ToDoDetailPresenter.m in Sources */ = {isa = PBXBuildFile; fileRef = CDB324961A48D6B90028E8E7 /* ToDoDetailPresenter.m */; };
		CDB3249A1A48D6D20028E8E7 /* ToDoDetailModuleFactory.m in Sources */ = {isa = PBXBuildFile; fileRef = CDB324991A48D6D20028E8E7 /* ToDoDetailModuleFactory.m */; };
		CDB3249D1A48D6EE0028E8E7 /* ToDoListPresenter.m in Sources */ = {isa = PBXBuildFile; fileRef = CDB3249C1A48D6EE0028E8E7 /* ToDoListPresenter.m */; };
		CDB324A01A48D7060028E8E7 /* ToDoListInteractor.m in Sources */ = {isa = PBXBuildFile; fileRef = CDB3249F1A48D7060028E8E7 /* ToDoListInteractor.m */; };
		CDB324A31A48D7150028E8E7 /* ToDoListRouter.m in Sources */ = {isa = PBXBuildFile; fileRef = CDB324A21A48D7150028E8E7 /* ToDoListRouter.m */; };
		CDB324A61A48D72E0028E8E7 /* ToDoDataStore.m in Sources */ = {isa = PBXBuildFile; fileRef = CDB324A51A48D72E0028E8E7 /* ToDoDataStore.m */; };
		CDB324A91A48D73F0028E8E7 /* ToDoItemInteractor.m in Sources */ = {isa = PBXBuildFile; fileRef = CDB324A81A48D73F0028E8E7 /* ToDoItemInteractor.m */; };
		CDB324AB1A48F1550028E8E7 /* ToDoDetailViewController.xib in Resources */ = {isa = PBXBuildFile; fileRef = CDB324AA1A48F1550028E8E7 /* ToDoDetailViewController.xib */; };
		CDB324AC1A48F4650028E8E7 /* LaunchScreen.xib in Resources */ = {isa = PBXBuildFile; fileRef = CDB3247C1A48D41E0028E8E7 /* LaunchScreen.xib */; };
		CDB324AF1A48F8230028E8E7 /* ToDoListModuleFactory.m in Sources */ = {isa = PBXBuildFile; fileRef = CDB324AE1A48F8230028E8E7 /* ToDoListModuleFactory.m */; };
		CDB324B21A48F8D10028E8E7 /* ToDoDetailViewModel.m in Sources */ = {isa = PBXBuildFile; fileRef = CDB324B11A48F8D10028E8E7 /* ToDoDetailViewModel.m */; };
		CDB324B71A48FA070028E8E7 /* ToDoListViewModel.m in Sources */ = {isa = PBXBuildFile; fileRef = CDB324B61A48FA070028E8E7 /* ToDoListViewModel.m */; };
		CDB324BC1A490DE80028E8E7 /* ToDoDetailInteractor.m in Sources */ = {isa = PBXBuildFile; fileRef = CDB324BB1A490DE80028E8E7 /* ToDoDetailInteractor.m */; };
		CDB324BF1A4910BE0028E8E7 /* ToDoDetailPresentationModel.m in Sources */ = {isa = PBXBuildFile; fileRef = CDB324BE1A4910BE0028E8E7 /* ToDoDetailPresentationModel.m */; };
		CDB324C21A491A0D0028E8E7 /* ToDoItem.m in Sources */ = {isa = PBXBuildFile; fileRef = CDB324C11A491A0D0028E8E7 /* ToDoItem.m */; };
/* End PBXBuildFile section */

/* Begin PBXContainerItemProxy section */
		CDB324841A48D41E0028E8E7 /* PBXContainerItemProxy */ = {
			isa = PBXContainerItemProxy;
			containerPortal = CDB3245F1A48D41E0028E8E7 /* Project object */;
			proxyType = 1;
			remoteGlobalIDString = CDB324661A48D41E0028E8E7;
			remoteInfo = OutwareToDoObjc;
		};
/* End PBXContainerItemProxy section */

/* Begin PBXFileReference section */
		CDB324671A48D41E0028E8E7 /* OutwareToDoObjc.app */ = {isa = PBXFileReference; explicitFileType = wrapper.application; includeInIndex = 0; path = OutwareToDoObjc.app; sourceTree = BUILT_PRODUCTS_DIR; };
		CDB3246B1A48D41E0028E8E7 /* Info.plist */ = {isa = PBXFileReference; lastKnownFileType = text.plist.xml; path = Info.plist; sourceTree = "<group>"; };
		CDB3246C1A48D41E0028E8E7 /* main.m */ = {isa = PBXFileReference; lastKnownFileType = sourcecode.c.objc; path = main.m; sourceTree = "<group>"; };
		CDB3246E1A48D41E0028E8E7 /* AppDelegate.h */ = {isa = PBXFileReference; lastKnownFileType = sourcecode.c.h; path = AppDelegate.h; sourceTree = "<group>"; };
		CDB3246F1A48D41E0028E8E7 /* AppDelegate.m */ = {isa = PBXFileReference; lastKnownFileType = sourcecode.c.objc; path = AppDelegate.m; sourceTree = "<group>"; };
		CDB324711A48D41E0028E8E7 /* ToDoListViewController.h */ = {isa = PBXFileReference; lastKnownFileType = sourcecode.c.h; path = ToDoListViewController.h; sourceTree = "<group>"; };
		CDB324721A48D41E0028E8E7 /* ToDoListViewController.m */ = {isa = PBXFileReference; lastKnownFileType = sourcecode.c.objc; path = ToDoListViewController.m; sourceTree = "<group>"; };
		CDB324741A48D41E0028E8E7 /* ToDoDetailViewController.h */ = {isa = PBXFileReference; lastKnownFileType = sourcecode.c.h; path = ToDoDetailViewController.h; sourceTree = "<group>"; };
		CDB324751A48D41E0028E8E7 /* ToDoDetailViewController.m */ = {isa = PBXFileReference; lastKnownFileType = sourcecode.c.objc; path = ToDoDetailViewController.m; sourceTree = "<group>"; };
		CDB3247A1A48D41E0028E8E7 /* Images.xcassets */ = {isa = PBXFileReference; lastKnownFileType = folder.assetcatalog; path = Images.xcassets; sourceTree = "<group>"; };
		CDB3247D1A48D41E0028E8E7 /* Base */ = {isa = PBXFileReference; lastKnownFileType = file.xib; name = Base; path = Base.lproj/LaunchScreen.xib; sourceTree = "<group>"; };
		CDB324831A48D41E0028E8E7 /* OutwareToDoObjcTests.xctest */ = {isa = PBXFileReference; explicitFileType = wrapper.cfbundle; includeInIndex = 0; path = OutwareToDoObjcTests.xctest; sourceTree = BUILT_PRODUCTS_DIR; };
		CDB324881A48D41E0028E8E7 /* Info.plist */ = {isa = PBXFileReference; lastKnownFileType = text.plist.xml; path = Info.plist; sourceTree = "<group>"; };
		CDB324891A48D41E0028E8E7 /* OutwareToDoObjcTests.m */ = {isa = PBXFileReference; lastKnownFileType = sourcecode.c.objc; path = OutwareToDoObjcTests.m; sourceTree = "<group>"; };
		CDB324951A48D6B90028E8E7 /* ToDoDetailPresenter.h */ = {isa = PBXFileReference; fileEncoding = 4; lastKnownFileType = sourcecode.c.h; path = ToDoDetailPresenter.h; sourceTree = "<group>"; };
		CDB324961A48D6B90028E8E7 /* ToDoDetailPresenter.m */ = {isa = PBXFileReference; fileEncoding = 4; lastKnownFileType = sourcecode.c.objc; path = ToDoDetailPresenter.m; sourceTree = "<group>"; };
		CDB324981A48D6D20028E8E7 /* ToDoDetailModuleFactory.h */ = {isa = PBXFileReference; fileEncoding = 4; lastKnownFileType = sourcecode.c.h; path = ToDoDetailModuleFactory.h; sourceTree = "<group>"; };
		CDB324991A48D6D20028E8E7 /* ToDoDetailModuleFactory.m */ = {isa = PBXFileReference; fileEncoding = 4; lastKnownFileType = sourcecode.c.objc; path = ToDoDetailModuleFactory.m; sourceTree = "<group>"; };
		CDB3249B1A48D6EE0028E8E7 /* ToDoListPresenter.h */ = {isa = PBXFileReference; fileEncoding = 4; lastKnownFileType = sourcecode.c.h; path = ToDoListPresenter.h; sourceTree = "<group>"; };
		CDB3249C1A48D6EE0028E8E7 /* ToDoListPresenter.m */ = {isa = PBXFileReference; fileEncoding = 4; lastKnownFileType = sourcecode.c.objc; path = ToDoListPresenter.m; sourceTree = "<group>"; };
		CDB3249E1A48D7060028E8E7 /* ToDoListInteractor.h */ = {isa = PBXFileReference; fileEncoding = 4; lastKnownFileType = sourcecode.c.h; path = ToDoListInteractor.h; sourceTree = "<group>"; };
		CDB3249F1A48D7060028E8E7 /* ToDoListInteractor.m */ = {isa = PBXFileReference; fileEncoding = 4; lastKnownFileType = sourcecode.c.objc; path = ToDoListInteractor.m; sourceTree = "<group>"; };
		CDB324A11A48D7150028E8E7 /* ToDoListRouter.h */ = {isa = PBXFileReference; fileEncoding = 4; lastKnownFileType = sourcecode.c.h; path = ToDoListRouter.h; sourceTree = "<group>"; };
		CDB324A21A48D7150028E8E7 /* ToDoListRouter.m */ = {isa = PBXFileReference; fileEncoding = 4; lastKnownFileType = sourcecode.c.objc; path = ToDoListRouter.m; sourceTree = "<group>"; };
		CDB324A41A48D72E0028E8E7 /* ToDoDataStore.h */ = {isa = PBXFileReference; fileEncoding = 4; lastKnownFileType = sourcecode.c.h; path = ToDoDataStore.h; sourceTree = "<group>"; };
		CDB324A51A48D72E0028E8E7 /* ToDoDataStore.m */ = {isa = PBXFileReference; fileEncoding = 4; lastKnownFileType = sourcecode.c.objc; path = ToDoDataStore.m; sourceTree = "<group>"; };
		CDB324A71A48D73F0028E8E7 /* ToDoItemInteractor.h */ = {isa = PBXFileReference; fileEncoding = 4; lastKnownFileType = sourcecode.c.h; path = ToDoItemInteractor.h; sourceTree = "<group>"; };
		CDB324A81A48D73F0028E8E7 /* ToDoItemInteractor.m */ = {isa = PBXFileReference; fileEncoding = 4; lastKnownFileType = sourcecode.c.objc; path = ToDoItemInteractor.m; sourceTree = "<group>"; };
		CDB324AA1A48F1550028E8E7 /* ToDoDetailViewController.xib */ = {isa = PBXFileReference; fileEncoding = 4; lastKnownFileType = file.xib; path = ToDoDetailViewController.xib; sourceTree = "<group>"; };
		CDB324AD1A48F8230028E8E7 /* ToDoListModuleFactory.h */ = {isa = PBXFileReference; fileEncoding = 4; lastKnownFileType = sourcecode.c.h; path = ToDoListModuleFactory.h; sourceTree = "<group>"; };
		CDB324AE1A48F8230028E8E7 /* ToDoListModuleFactory.m */ = {isa = PBXFileReference; fileEncoding = 4; lastKnownFileType = sourcecode.c.objc; path = ToDoListModuleFactory.m; sourceTree = "<group>"; };
		CDB324B01A48F8D10028E8E7 /* ToDoDetailViewModel.h */ = {isa = PBXFileReference; fileEncoding = 4; lastKnownFileType = sourcecode.c.h; path = ToDoDetailViewModel.h; sourceTree = "<group>"; };
		CDB324B11A48F8D10028E8E7 /* ToDoDetailViewModel.m */ = {isa = PBXFileReference; fileEncoding = 4; lastKnownFileType = sourcecode.c.objc; path = ToDoDetailViewModel.m; sourceTree = "<group>"; };
		CDB324B31A48F9430028E8E7 /* ToDoDetailEventHandler.h */ = {isa = PBXFileReference; fileEncoding = 4; lastKnownFileType = sourcecode.c.h; path = ToDoDetailEventHandler.h; sourceTree = "<group>"; };
		CDB324B41A48F9800028E8E7 /* ToDoDetailUserInterface.h */ = {isa = PBXFileReference; fileEncoding = 4; lastKnownFileType = sourcecode.c.h; path = ToDoDetailUserInterface.h; sourceTree = "<group>"; };
		CDB324B51A48FA070028E8E7 /* ToDoListViewModel.h */ = {isa = PBXFileReference; fileEncoding = 4; lastKnownFileType = sourcecode.c.h; path = ToDoListViewModel.h; sourceTree = "<group>"; };
		CDB324B61A48FA070028E8E7 /* ToDoListViewModel.m */ = {isa = PBXFileReference; fileEncoding = 4; lastKnownFileType = sourcecode.c.objc; path = ToDoListViewModel.m; sourceTree = "<group>"; };
		CDB324B81A48FA190028E8E7 /* ToDoListEventHandler.h */ = {isa = PBXFileReference; fileEncoding = 4; lastKnownFileType = sourcecode.c.h; path = ToDoListEventHandler.h; sourceTree = "<group>"; };
		CDB324B91A48FA290028E8E7 /* ToDoListUserInterface.h */ = {isa = PBXFileReference; fileEncoding = 4; lastKnownFileType = sourcecode.c.h; path = ToDoListUserInterface.h; sourceTree = "<group>"; };
		CDB324BA1A490DE80028E8E7 /* ToDoDetailInteractor.h */ = {isa = PBXFileReference; fileEncoding = 4; lastKnownFileType = sourcecode.c.h; path = ToDoDetailInteractor.h; sourceTree = "<group>"; };
		CDB324BB1A490DE80028E8E7 /* ToDoDetailInteractor.m */ = {isa = PBXFileReference; fileEncoding = 4; lastKnownFileType = sourcecode.c.objc; path = ToDoDetailInteractor.m; sourceTree = "<group>"; };
		CDB324BD1A4910BE0028E8E7 /* ToDoDetailPresentationModel.h */ = {isa = PBXFileReference; fileEncoding = 4; lastKnownFileType = sourcecode.c.h; path = ToDoDetailPresentationModel.h; sourceTree = "<group>"; };
		CDB324BE1A4910BE0028E8E7 /* ToDoDetailPresentationModel.m */ = {isa = PBXFileReference; fileEncoding = 4; lastKnownFileType = sourcecode.c.objc; path = ToDoDetailPresentationModel.m; sourceTree = "<group>"; };
		CDB324C01A491A0D0028E8E7 /* ToDoItem.h */ = {isa = PBXFileReference; fileEncoding = 4; lastKnownFileType = sourcecode.c.h; path = ToDoItem.h; sourceTree = "<group>"; };
		CDB324C11A491A0D0028E8E7 /* ToDoItem.m */ = {isa = PBXFileReference; fileEncoding = 4; lastKnownFileType = sourcecode.c.objc; path = ToDoItem.m; sourceTree = "<group>"; };
/* End PBXFileReference section */

/* Begin PBXFrameworksBuildPhase section */
		CDB324641A48D41E0028E8E7 /* Frameworks */ = {
			isa = PBXFrameworksBuildPhase;
			buildActionMask = 2147483647;
			files = (
			);
			runOnlyForDeploymentPostprocessing = 0;
		};
		CDB324801A48D41E0028E8E7 /* Frameworks */ = {
			isa = PBXFrameworksBuildPhase;
			buildActionMask = 2147483647;
			files = (
			);
			runOnlyForDeploymentPostprocessing = 0;
		};
/* End PBXFrameworksBuildPhase section */

/* Begin PBXGroup section */
		CDB3245E1A48D41E0028E8E7 = {
			isa = PBXGroup;
			children = (
				CDB324691A48D41E0028E8E7 /* OutwareToDoObjc */,
				CDB324861A48D41E0028E8E7 /* OutwareToDoObjcTests */,
				CDB324681A48D41E0028E8E7 /* Products */,
			);
			sourceTree = "<group>";
		};
		CDB324681A48D41E0028E8E7 /* Products */ = {
			isa = PBXGroup;
			children = (
				CDB324671A48D41E0028E8E7 /* OutwareToDoObjc.app */,
				CDB324831A48D41E0028E8E7 /* OutwareToDoObjcTests.xctest */,
			);
			name = Products;
			sourceTree = "<group>";
		};
		CDB324691A48D41E0028E8E7 /* OutwareToDoObjc */ = {
			isa = PBXGroup;
			children = (
				CDB324941A48D42C0028E8E7 /* Detail View */,
				CDB324931A48D4250028E8E7 /* List View */,
				CDB3246E1A48D41E0028E8E7 /* AppDelegate.h */,
				CDB3246F1A48D41E0028E8E7 /* AppDelegate.m */,
				CDB3247A1A48D41E0028E8E7 /* Images.xcassets */,
				CDB3247C1A48D41E0028E8E7 /* LaunchScreen.xib */,
				CDB3246A1A48D41E0028E8E7 /* Supporting Files */,
				CDB324C01A491A0D0028E8E7 /* ToDoItem.h */,
				CDB324C11A491A0D0028E8E7 /* ToDoItem.m */,
				CDB324A41A48D72E0028E8E7 /* ToDoDataStore.h */,
				CDB324A51A48D72E0028E8E7 /* ToDoDataStore.m */,
				CDB324A71A48D73F0028E8E7 /* ToDoItemInteractor.h */,
				CDB324A81A48D73F0028E8E7 /* ToDoItemInteractor.m */,
			);
			path = OutwareToDoObjc;
			sourceTree = "<group>";
		};
		CDB3246A1A48D41E0028E8E7 /* Supporting Files */ = {
			isa = PBXGroup;
			children = (
				CDB3246B1A48D41E0028E8E7 /* Info.plist */,
				CDB3246C1A48D41E0028E8E7 /* main.m */,
			);
			name = "Supporting Files";
			sourceTree = "<group>";
		};
		CDB324861A48D41E0028E8E7 /* OutwareToDoObjcTests */ = {
			isa = PBXGroup;
			children = (
				CDB324891A48D41E0028E8E7 /* OutwareToDoObjcTests.m */,
				CDB324871A48D41E0028E8E7 /* Supporting Files */,
			);
			path = OutwareToDoObjcTests;
			sourceTree = "<group>";
		};
		CDB324871A48D41E0028E8E7 /* Supporting Files */ = {
			isa = PBXGroup;
			children = (
				CDB324881A48D41E0028E8E7 /* Info.plist */,
			);
			name = "Supporting Files";
			sourceTree = "<group>";
		};
		CDB324931A48D4250028E8E7 /* List View */ = {
			isa = PBXGroup;
			children = (
				CDB324711A48D41E0028E8E7 /* ToDoListViewController.h */,
				CDB324721A48D41E0028E8E7 /* ToDoListViewController.m */,
				CDB3249B1A48D6EE0028E8E7 /* ToDoListPresenter.h */,
				CDB3249C1A48D6EE0028E8E7 /* ToDoListPresenter.m */,
				CDB3249E1A48D7060028E8E7 /* ToDoListInteractor.h */,
				CDB3249F1A48D7060028E8E7 /* ToDoListInteractor.m */,
				CDB324A11A48D7150028E8E7 /* ToDoListRouter.h */,
				CDB324A21A48D7150028E8E7 /* ToDoListRouter.m */,
				CDB324AD1A48F8230028E8E7 /* ToDoListModuleFactory.h */,
				CDB324AE1A48F8230028E8E7 /* ToDoListModuleFactory.m */,
				CDB324B51A48FA070028E8E7 /* ToDoListViewModel.h */,
				CDB324B61A48FA070028E8E7 /* ToDoListViewModel.m */,
				CDB324B81A48FA190028E8E7 /* ToDoListEventHandler.h */,
				CDB324B91A48FA290028E8E7 /* ToDoListUserInterface.h */,
			);
			name = "List View";
			sourceTree = "<group>";
		};
		CDB324941A48D42C0028E8E7 /* Detail View */ = {
			isa = PBXGroup;
			children = (
				CDB324741A48D41E0028E8E7 /* ToDoDetailViewController.h */,
				CDB324751A48D41E0028E8E7 /* ToDoDetailViewController.m */,
				CDB324951A48D6B90028E8E7 /* ToDoDetailPresenter.h */,
				CDB324961A48D6B90028E8E7 /* ToDoDetailPresenter.m */,
				CDB324981A48D6D20028E8E7 /* ToDoDetailModuleFactory.h */,
				CDB324991A48D6D20028E8E7 /* ToDoDetailModuleFactory.m */,
				CDB324AA1A48F1550028E8E7 /* ToDoDetailViewController.xib */,
				CDB324B01A48F8D10028E8E7 /* ToDoDetailViewModel.h */,
				CDB324B11A48F8D10028E8E7 /* ToDoDetailViewModel.m */,
				CDB324B31A48F9430028E8E7 /* ToDoDetailEventHandler.h */,
				CDB324B41A48F9800028E8E7 /* ToDoDetailUserInterface.h */,
				CDB324BA1A490DE80028E8E7 /* ToDoDetailInteractor.h */,
				CDB324BB1A490DE80028E8E7 /* ToDoDetailInteractor.m */,
				CDB324BD1A4910BE0028E8E7 /* ToDoDetailPresentationModel.h */,
				CDB324BE1A4910BE0028E8E7 /* ToDoDetailPresentationModel.m */,
			);
			name = "Detail View";
			sourceTree = "<group>";
		};
/* End PBXGroup section */

/* Begin PBXNativeTarget section */
		CDB324661A48D41E0028E8E7 /* OutwareToDoObjc */ = {
			isa = PBXNativeTarget;
			buildConfigurationList = CDB3248D1A48D41E0028E8E7 /* Build configuration list for PBXNativeTarget "OutwareToDoObjc" */;
			buildPhases = (
				CDB324631A48D41E0028E8E7 /* Sources */,
				CDB324641A48D41E0028E8E7 /* Frameworks */,
				CDB324651A48D41E0028E8E7 /* Resources */,
			);
			buildRules = (
			);
			dependencies = (
			);
			name = OutwareToDoObjc;
			productName = OutwareToDoObjc;
			productReference = CDB324671A48D41E0028E8E7 /* OutwareToDoObjc.app */;
			productType = "com.apple.product-type.application";
		};
		CDB324821A48D41E0028E8E7 /* OutwareToDoObjcTests */ = {
			isa = PBXNativeTarget;
			buildConfigurationList = CDB324901A48D41E0028E8E7 /* Build configuration list for PBXNativeTarget "OutwareToDoObjcTests" */;
			buildPhases = (
				CDB3247F1A48D41E0028E8E7 /* Sources */,
				CDB324801A48D41E0028E8E7 /* Frameworks */,
				CDB324811A48D41E0028E8E7 /* Resources */,
			);
			buildRules = (
			);
			dependencies = (
				CDB324851A48D41E0028E8E7 /* PBXTargetDependency */,
			);
			name = OutwareToDoObjcTests;
			productName = OutwareToDoObjcTests;
			productReference = CDB324831A48D41E0028E8E7 /* OutwareToDoObjcTests.xctest */;
			productType = "com.apple.product-type.bundle.unit-test";
		};
/* End PBXNativeTarget section */

/* Begin PBXProject section */
		CDB3245F1A48D41E0028E8E7 /* Project object */ = {
			isa = PBXProject;
			attributes = {
				LastUpgradeCheck = 0610;
				ORGANIZATIONNAME = "Bjorn Juwen Ho";
				TargetAttributes = {
					CDB324661A48D41E0028E8E7 = {
						CreatedOnToolsVersion = 6.1;
					};
					CDB324821A48D41E0028E8E7 = {
						CreatedOnToolsVersion = 6.1;
						TestTargetID = CDB324661A48D41E0028E8E7;
					};
				};
			};
			buildConfigurationList = CDB324621A48D41E0028E8E7 /* Build configuration list for PBXProject "OutwareToDoObjc" */;
			compatibilityVersion = "Xcode 3.2";
			developmentRegion = English;
			hasScannedForEncodings = 0;
			knownRegions = (
				en,
				Base,
			);
			mainGroup = CDB3245E1A48D41E0028E8E7;
			productRefGroup = CDB324681A48D41E0028E8E7 /* Products */;
			projectDirPath = "";
			projectRoot = "";
			targets = (
				CDB324661A48D41E0028E8E7 /* OutwareToDoObjc */,
				CDB324821A48D41E0028E8E7 /* OutwareToDoObjcTests */,
			);
		};
/* End PBXProject section */

/* Begin PBXResourcesBuildPhase section */
		CDB324651A48D41E0028E8E7 /* Resources */ = {
			isa = PBXResourcesBuildPhase;
			buildActionMask = 2147483647;
			files = (
				CDB324AC1A48F4650028E8E7 /* LaunchScreen.xib in Resources */,
				CDB324AB1A48F1550028E8E7 /* ToDoDetailViewController.xib in Resources */,
				CDB3247B1A48D41E0028E8E7 /* Images.xcassets in Resources */,
			);
			runOnlyForDeploymentPostprocessing = 0;
		};
		CDB324811A48D41E0028E8E7 /* Resources */ = {
			isa = PBXResourcesBuildPhase;
			buildActionMask = 2147483647;
			files = (
			);
			runOnlyForDeploymentPostprocessing = 0;
		};
/* End PBXResourcesBuildPhase section */

/* Begin PBXSourcesBuildPhase section */
		CDB324631A48D41E0028E8E7 /* Sources */ = {
			isa = PBXSourcesBuildPhase;
			buildActionMask = 2147483647;
			files = (
				CDB324701A48D41E0028E8E7 /* AppDelegate.m in Sources */,
				CDB324731A48D41E0028E8E7 /* ToDoListViewController.m in Sources */,
				CDB324A91A48D73F0028E8E7 /* ToDoItemInteractor.m in Sources */,
				CDB324A31A48D7150028E8E7 /* ToDoListRouter.m in Sources */,
				CDB3246D1A48D41E0028E8E7 /* main.m in Sources */,
				CDB324B21A48F8D10028E8E7 /* ToDoDetailViewModel.m in Sources */,
				CDB324BC1A490DE80028E8E7 /* ToDoDetailInteractor.m in Sources */,
				CDB324971A48D6B90028E8E7 /* ToDoDetailPresenter.m in Sources */,
				CDB324A61A48D72E0028E8E7 /* ToDoDataStore.m in Sources */,
				CDB324A01A48D7060028E8E7 /* ToDoListInteractor.m in Sources */,
				CDB324761A48D41E0028E8E7 /* ToDoDetailViewController.m in Sources */,
				CDB324B71A48FA070028E8E7 /* ToDoListViewModel.m in Sources */,
				CDB3249A1A48D6D20028E8E7 /* ToDoDetailModuleFactory.m in Sources */,
				CDB324C21A491A0D0028E8E7 /* ToDoItem.m in Sources */,
				CDB324AF1A48F8230028E8E7 /* ToDoListModuleFactory.m in Sources */,
				CDB324BF1A4910BE0028E8E7 /* ToDoDetailPresentationModel.m in Sources */,
				CDB3249D1A48D6EE0028E8E7 /* ToDoListPresenter.m in Sources */,
			);
			runOnlyForDeploymentPostprocessing = 0;
		};
		CDB3247F1A48D41E0028E8E7 /* Sources */ = {
			isa = PBXSourcesBuildPhase;
			buildActionMask = 2147483647;
			files = (
				CDB3248A1A48D41E0028E8E7 /* OutwareToDoObjcTests.m in Sources */,
			);
			runOnlyForDeploymentPostprocessing = 0;
		};
/* End PBXSourcesBuildPhase section */

/* Begin PBXTargetDependency section */
		CDB324851A48D41E0028E8E7 /* PBXTargetDependency */ = {
			isa = PBXTargetDependency;
			target = CDB324661A48D41E0028E8E7 /* OutwareToDoObjc */;
			targetProxy = CDB324841A48D41E0028E8E7 /* PBXContainerItemProxy */;
		};
/* End PBXTargetDependency section */

/* Begin PBXVariantGroup section */
		CDB3247C1A48D41E0028E8E7 /* LaunchScreen.xib */ = {
			isa = PBXVariantGroup;
			children = (
				CDB3247D1A48D41E0028E8E7 /* Base */,
			);
			name = LaunchScreen.xib;
			sourceTree = "<group>";
		};
/* End PBXVariantGroup section */

/* Begin XCBuildConfiguration section */
		CDB3248B1A48D41E0028E8E7 /* Debug */ = {
			isa = XCBuildConfiguration;
			buildSettings = {
				ALWAYS_SEARCH_USER_PATHS = NO;
				CLANG_CXX_LANGUAGE_STANDARD = "gnu++0x";
				CLANG_CXX_LIBRARY = "libc++";
				CLANG_ENABLE_MODULES = YES;
				CLANG_ENABLE_OBJC_ARC = YES;
				CLANG_WARN_BOOL_CONVERSION = YES;
				CLANG_WARN_CONSTANT_CONVERSION = YES;
				CLANG_WARN_DIRECT_OBJC_ISA_USAGE = YES_ERROR;
				CLANG_WARN_EMPTY_BODY = YES;
				CLANG_WARN_ENUM_CONVERSION = YES;
				CLANG_WARN_INT_CONVERSION = YES;
				CLANG_WARN_OBJC_ROOT_CLASS = YES_ERROR;
				CLANG_WARN_UNREACHABLE_CODE = YES;
				CLANG_WARN__DUPLICATE_METHOD_MATCH = YES;
				"CODE_SIGN_IDENTITY[sdk=iphoneos*]" = "iPhone Developer";
				COPY_PHASE_STRIP = NO;
				ENABLE_STRICT_OBJC_MSGSEND = YES;
				GCC_C_LANGUAGE_STANDARD = gnu99;
				GCC_DYNAMIC_NO_PIC = NO;
				GCC_OPTIMIZATION_LEVEL = 0;
				GCC_PREPROCESSOR_DEFINITIONS = (
					"DEBUG=1",
					"$(inherited)",
				);
				GCC_SYMBOLS_PRIVATE_EXTERN = NO;
				GCC_WARN_64_TO_32_BIT_CONVERSION = YES;
				GCC_WARN_ABOUT_RETURN_TYPE = YES_ERROR;
				GCC_WARN_UNDECLARED_SELECTOR = YES;
				GCC_WARN_UNINITIALIZED_AUTOS = YES_AGGRESSIVE;
				GCC_WARN_UNUSED_FUNCTION = YES;
				GCC_WARN_UNUSED_VARIABLE = YES;
				IPHONEOS_DEPLOYMENT_TARGET = 8.1;
				MTL_ENABLE_DEBUG_INFO = YES;
				ONLY_ACTIVE_ARCH = YES;
				SDKROOT = iphoneos;
			};
			name = Debug;
		};
		CDB3248C1A48D41E0028E8E7 /* Release */ = {
			isa = XCBuildConfiguration;
			buildSettings = {
				ALWAYS_SEARCH_USER_PATHS = NO;
				CLANG_CXX_LANGUAGE_STANDARD = "gnu++0x";
				CLANG_CXX_LIBRARY = "libc++";
				CLANG_ENABLE_MODULES = YES;
				CLANG_ENABLE_OBJC_ARC = YES;
				CLANG_WARN_BOOL_CONVERSION = YES;
				CLANG_WARN_CONSTANT_CONVERSION = YES;
				CLANG_WARN_DIRECT_OBJC_ISA_USAGE = YES_ERROR;
				CLANG_WARN_EMPTY_BODY = YES;
				CLANG_WARN_ENUM_CONVERSION = YES;
				CLANG_WARN_INT_CONVERSION = YES;
				CLANG_WARN_OBJC_ROOT_CLASS = YES_ERROR;
				CLANG_WARN_UNREACHABLE_CODE = YES;
				CLANG_WARN__DUPLICATE_METHOD_MATCH = YES;
				"CODE_SIGN_IDENTITY[sdk=iphoneos*]" = "iPhone Developer";
				COPY_PHASE_STRIP = YES;
				ENABLE_NS_ASSERTIONS = NO;
				ENABLE_STRICT_OBJC_MSGSEND = YES;
				GCC_C_LANGUAGE_STANDARD = gnu99;
				GCC_WARN_64_TO_32_BIT_CONVERSION = YES;
				GCC_WARN_ABOUT_RETURN_TYPE = YES_ERROR;
				GCC_WARN_UNDECLARED_SELECTOR = YES;
				GCC_WARN_UNINITIALIZED_AUTOS = YES_AGGRESSIVE;
				GCC_WARN_UNUSED_FUNCTION = YES;
				GCC_WARN_UNUSED_VARIABLE = YES;
				IPHONEOS_DEPLOYMENT_TARGET = 8.1;
				MTL_ENABLE_DEBUG_INFO = NO;
				SDKROOT = iphoneos;
				VALIDATE_PRODUCT = YES;
			};
			name = Release;
		};
		CDB3248E1A48D41E0028E8E7 /* Debug */ = {
			isa = XCBuildConfiguration;
			buildSettings = {
				ASSETCATALOG_COMPILER_APPICON_NAME = AppIcon;
				INFOPLIST_FILE = OutwareToDoObjc/Info.plist;
				LD_RUNPATH_SEARCH_PATHS = "$(inherited) @executable_path/Frameworks";
				PRODUCT_NAME = "$(TARGET_NAME)";
			};
			name = Debug;
		};
		CDB3248F1A48D41E0028E8E7 /* Release */ = {
			isa = XCBuildConfiguration;
			buildSettings = {
				ASSETCATALOG_COMPILER_APPICON_NAME = AppIcon;
				INFOPLIST_FILE = OutwareToDoObjc/Info.plist;
				LD_RUNPATH_SEARCH_PATHS = "$(inherited) @executable_path/Frameworks";
				PRODUCT_NAME = "$(TARGET_NAME)";
			};
			name = Release;
		};
		CDB324911A48D41E0028E8E7 /* Debug */ = {
			isa = XCBuildConfiguration;
			buildSettings = {
				BUNDLE_LOADER = "$(TEST_HOST)";
				FRAMEWORK_SEARCH_PATHS = (
					"$(SDKROOT)/Developer/Library/Frameworks",
					"$(inherited)",
				);
				GCC_PREPROCESSOR_DEFINITIONS = (
					"DEBUG=1",
					"$(inherited)",
				);
				INFOPLIST_FILE = OutwareToDoObjcTests/Info.plist;
				LD_RUNPATH_SEARCH_PATHS = "$(inherited) @executable_path/Frameworks @loader_path/Frameworks";
				PRODUCT_NAME = "$(TARGET_NAME)";
				TEST_HOST = "$(BUILT_PRODUCTS_DIR)/OutwareToDoObjc.app/OutwareToDoObjc";
			};
			name = Debug;
		};
		CDB324921A48D41E0028E8E7 /* Release */ = {
			isa = XCBuildConfiguration;
			buildSettings = {
				BUNDLE_LOADER = "$(TEST_HOST)";
				FRAMEWORK_SEARCH_PATHS = (
					"$(SDKROOT)/Developer/Library/Frameworks",
					"$(inherited)",
				);
				INFOPLIST_FILE = OutwareToDoObjcTests/Info.plist;
				LD_RUNPATH_SEARCH_PATHS = "$(inherited) @executable_path/Frameworks @loader_path/Frameworks";
				PRODUCT_NAME = "$(TARGET_NAME)";
				TEST_HOST = "$(BUILT_PRODUCTS_DIR)/OutwareToDoObjc.app/OutwareToDoObjc";
			};
			name = Release;
		};
/* End XCBuildConfiguration section */

/* Begin XCConfigurationList section */
		CDB324621A48D41E0028E8E7 /* Build configuration list for PBXProject "OutwareToDoObjc" */ = {
			isa = XCConfigurationList;
			buildConfigurations = (
				CDB3248B1A48D41E0028E8E7 /* Debug */,
				CDB3248C1A48D41E0028E8E7 /* Release */,
			);
			defaultConfigurationIsVisible = 0;
			defaultConfigurationName = Release;
		};
		CDB3248D1A48D41E0028E8E7 /* Build configuration list for PBXNativeTarget "OutwareToDoObjc" */ = {
			isa = XCConfigurationList;
			buildConfigurations = (
				CDB3248E1A48D41E0028E8E7 /* Debug */,
				CDB3248F1A48D41E0028E8E7 /* Release */,
			);
			defaultConfigurationIsVisible = 0;
		};
		CDB324901A48D41E0028E8E7 /* Build configuration list for PBXNativeTarget "OutwareToDoObjcTests" */ = {
			isa = XCConfigurationList;
			buildConfigurations = (
				CDB324911A48D41E0028E8E7 /* Debug */,
				CDB324921A48D41E0028E8E7 /* Release */,
			);
			defaultConfigurationIsVisible = 0;
		};
/* End XCConfigurationList section */
	};
	rootObject = CDB3245F1A48D41E0028E8E7 /* Project object */;
}
